
Microsoft Visual Studio Solution File, Format Version 12.00
# Visual Studio 15
VisualStudioVersion = 15.0.28307.572
MinimumVisualStudioVersion = 10.0.40219.1
Project("{FAE04EC0-301F-11D3-BF4B-00C04F79EFBC}") = "ConsoleAppObjects", "ConsoleAppObjects\ConsoleAppObjects.csproj", "{DE9080D2-5C83-42ED-8188-E01A1B9E8ECE}"
EndProject
Global
	GlobalSection(SolutionConfigurationPlatforms) = preSolution
		Debug|Any CPU = Debug|Any CPU
		Release|Any CPU = Release|Any CPU
	EndGlobalSection
	GlobalSection(ProjectConfigurationPlatforms) = postSolution
		{DE9080D2-5C83-42ED-8188-E01A1B9E8ECE}.Debug|Any CPU.ActiveCfg = Debug|Any CPU
		{DE9080D2-5C83-42ED-8188-E01A1B9E8ECE}.Debug|Any CPU.Build.0 = Debug|Any CPU
		{DE9080D2-5C83-42ED-8188-E01A1B9E8ECE}.Release|Any CPU.ActiveCfg = Release|Any CPU
		{DE9080D2-5C83-42ED-8188-E01A1B9E8ECE}.Release|Any CPU.Build.0 = Release|Any CPU
	EndGlobalSection
	GlobalSection(SolutionProperties) = preSolution
		HideSolutionNode = FALSE
	EndGlobalSection
	GlobalSection(ExtensibilityGlobals) = postSolution
		SolutionGuid = {A3A86A85-348C-422D-93A3-2F9EEF6DE149}
	EndGlobalSection
EndGlobal
